
Microsoft Visual Studio Solution File, Format Version 12.00
Project("{FAE04EC0-301F-11D3-BF4B-00C04F79EFBC}") = "designer-website", "designer-website\designer-website.csproj", "{696E3372-93BC-41D7-A1B7-77D769E73723}"
EndProject
Global
	GlobalSection(SolutionConfigurationPlatforms) = preSolution
		Debug|Any CPU = Debug|Any CPU
		Release|Any CPU = Release|Any CPU
	EndGlobalSection
	GlobalSection(ProjectConfigurationPlatforms) = postSolution
		{696E3372-93BC-41D7-A1B7-77D769E73723}.Debug|Any CPU.ActiveCfg = Debug|Any CPU
		{696E3372-93BC-41D7-A1B7-77D769E73723}.Debug|Any CPU.Build.0 = Debug|Any CPU
		{696E3372-93BC-41D7-A1B7-77D769E73723}.Release|Any CPU.ActiveCfg = Release|Any CPU
		{696E3372-93BC-41D7-A1B7-77D769E73723}.Release|Any CPU.Build.0 = Release|Any CPU
	EndGlobalSection
EndGlobal
